
Microsoft Visual Studio Solution File, Format Version 12.00
# Visual Studio Version 17
VisualStudioVersion = 17.3.32922.545
MinimumVisualStudioVersion = 10.0.40219.1
Project("{9A19103F-16F7-4668-BE54-9A1E7A4F7556}") = "Day6Task", "Day6Task\Day6Task.csproj", "{F826A33A-8B92-490C-A1DF-5827A5A34F75}"
EndProject
Project("{9A19103F-16F7-4668-BE54-9A1E7A4F7556}") = "ClassTask", "ClassTask\ClassTask.csproj", "{BA3D3A42-DDB6-4447-8768-2CA25FDD850C}"
EndProject
Project("{9A19103F-16F7-4668-BE54-9A1E7A4F7556}") = "Day7Task", "Day7Task\Day7Task.csproj", "{D32143A1-C0B3-49D6-9AB8-D9D80383B272}"
EndProject
Project("{9A19103F-16F7-4668-BE54-9A1E7A4F7556}") = "ClassTask1", "ClassTask1\ClassTask1.csproj", "{F3FCE2F9-8599-46A2-B330-6F105F8FA982}"
EndProject
Project("{9A19103F-16F7-4668-BE54-9A1E7A4F7556}") = "Day8Taskk", "Day8Taskk\Day8Taskk.csproj", "{A441FE70-8B09-45AD-BC92-74DD2DB14E1B}"
EndProject
Project("{9A19103F-16F7-4668-BE54-9A1E7A4F7556}") = "Day10Task", "Day10Task\Day10Task.csproj", "{544D6127-490A-4267-BCC2-7680FFC1EAFF}"
EndProject
Project("{9A19103F-16F7-4668-BE54-9A1E7A4F7556}") = "ClassTask2", "ClassTask2\ClassTask2.csproj", "{7E7159C0-693E-46E7-A132-090743602AF5}"
EndProject
Project("{9A19103F-16F7-4668-BE54-9A1E7A4F7556}") = "ClassTask4", "ClassTask4\ClassTask4.csproj", "{B3E29EAC-1553-4381-B857-98C57AB2505C}"
EndProject
Project("{9A19103F-16F7-4668-BE54-9A1E7A4F7556}") = "ClasssTaskAsync", "ClasssTaskAsync\ClasssTaskAsync.csproj", "{6C47433B-1014-4CB6-8815-94BD0A06FD8F}"
EndProject
Project("{9A19103F-16F7-4668-BE54-9A1E7A4F7556}") = "Example", "Example\Example.csproj", "{758EE800-CC90-42B8-9B53-0F823A65FC44}"
EndProject
Project("{9A19103F-16F7-4668-BE54-9A1E7A4F7556}") = "ClassTaskPhone", "ClassTaskPhone\ClassTaskPhone.csproj", "{329E02BF-D60E-44B1-8EBF-7D7963ED9F29}"
EndProject
Project("{9A19103F-16F7-4668-BE54-9A1E7A4F7556}") = "Day11Task", "Day11Task\Day11Task.csproj", "{4F9DF7D4-686F-4CA6-BEC4-328B145F65BA}"
EndProject
Project("{9A19103F-16F7-4668-BE54-9A1E7A4F7556}") = "ClassTaskPhoneSql", "ClassTaskPhoneSql\ClassTaskPhoneSql.csproj", "{940A099E-8E20-4A78-87EB-3E5293673021}"
EndProject
Project("{9A19103F-16F7-4668-BE54-9A1E7A4F7556}") = "ADO.NETDataMasking", "ADO.NETDataMasking\ADO.NETDataMasking.csproj", "{96C6699D-ACEC-44CA-9693-DF0019906D0A}"
EndProject
Project("{9A19103F-16F7-4668-BE54-9A1E7A4F7556}") = "MvcMovie", "MvcMovie\MvcMovie.csproj", "{CB2C8C1F-6079-45A3-9624-F04AF6B46425}"
EndProject
Project("{9A19103F-16F7-4668-BE54-9A1E7A4F7556}") = "KarmaTask", "KarmaTask\KarmaTask.csproj", "{6765462A-B641-4141-824B-27D058A6640A}"
EndProject
Project("{9A19103F-16F7-4668-BE54-9A1E7A4F7556}") = "SignalRChatTask", "SignalRChatTask\SignalRChatTask.csproj", "{D781A234-9356-4348-8814-FB8495F3D519}"
EndProject
Project("{9A19103F-16F7-4668-BE54-9A1E7A4F7556}") = "RabbitMQProject", "RabbitMQProject\RabbitMQProject.csproj", "{6F2F86B8-908A-449F-9D17-ECA552B39858}"
EndProject
Project("{2150E333-8FDC-42A3-9474-1A3956D46DE8}") = "RabbitMQProject-master", "RabbitMQProject-master", "{D37F7164-E1B4-4151-A952-0CE4568F8510}"
EndProject
Project("{9A19103F-16F7-4668-BE54-9A1E7A4F7556}") = "RabbitMQDemo", "RabbitMQDemo\RabbitMQDemo.csproj", "{90CCD8A2-6E2C-4F48-AB94-A0B4259B2FCE}"
EndProject
Global
	GlobalSection(SolutionConfigurationPlatforms) = preSolution
		Debug|Any CPU = Debug|Any CPU
		Release|Any CPU = Release|Any CPU
	EndGlobalSection
	GlobalSection(ProjectConfigurationPlatforms) = postSolution
		{F826A33A-8B92-490C-A1DF-5827A5A34F75}.Debug|Any CPU.ActiveCfg = Debug|Any CPU
		{F826A33A-8B92-490C-A1DF-5827A5A34F75}.Debug|Any CPU.Build.0 = Debug|Any CPU
		{F826A33A-8B92-490C-A1DF-5827A5A34F75}.Release|Any CPU.ActiveCfg = Release|Any CPU
		{F826A33A-8B92-490C-A1DF-5827A5A34F75}.Release|Any CPU.Build.0 = Release|Any CPU
		{BA3D3A42-DDB6-4447-8768-2CA25FDD850C}.Debug|Any CPU.ActiveCfg = Debug|Any CPU
		{BA3D3A42-DDB6-4447-8768-2CA25FDD850C}.Debug|Any CPU.Build.0 = Debug|Any CPU
		{BA3D3A42-DDB6-4447-8768-2CA25FDD850C}.Release|Any CPU.ActiveCfg = Release|Any CPU
		{BA3D3A42-DDB6-4447-8768-2CA25FDD850C}.Release|Any CPU.Build.0 = Release|Any CPU
		{D32143A1-C0B3-49D6-9AB8-D9D80383B272}.Debug|Any CPU.ActiveCfg = Debug|Any CPU
		{D32143A1-C0B3-49D6-9AB8-D9D80383B272}.Debug|Any CPU.Build.0 = Debug|Any CPU
		{D32143A1-C0B3-49D6-9AB8-D9D80383B272}.Release|Any CPU.ActiveCfg = Release|Any CPU
		{D32143A1-C0B3-49D6-9AB8-D9D80383B272}.Release|Any CPU.Build.0 = Release|Any CPU
		{F3FCE2F9-8599-46A2-B330-6F105F8FA982}.Debug|Any CPU.ActiveCfg = Debug|Any CPU
		{F3FCE2F9-8599-46A2-B330-6F105F8FA982}.Debug|Any CPU.Build.0 = Debug|Any CPU
		{F3FCE2F9-8599-46A2-B330-6F105F8FA982}.Release|Any CPU.ActiveCfg = Release|Any CPU
		{F3FCE2F9-8599-46A2-B330-6F105F8FA982}.Release|Any CPU.Build.0 = Release|Any CPU
		{A441FE70-8B09-45AD-BC92-74DD2DB14E1B}.Debug|Any CPU.ActiveCfg = Debug|Any CPU
		{A441FE70-8B09-45AD-BC92-74DD2DB14E1B}.Debug|Any CPU.Build.0 = Debug|Any CPU
		{A441FE70-8B09-45AD-BC92-74DD2DB14E1B}.Release|Any CPU.ActiveCfg = Release|Any CPU
		{A441FE70-8B09-45AD-BC92-74DD2DB14E1B}.Release|Any CPU.Build.0 = Release|Any CPU
		{544D6127-490A-4267-BCC2-7680FFC1EAFF}.Debug|Any CPU.ActiveCfg = Debug|Any CPU
		{544D6127-490A-4267-BCC2-7680FFC1EAFF}.Debug|Any CPU.Build.0 = Debug|Any CPU
		{544D6127-490A-4267-BCC2-7680FFC1EAFF}.Release|Any CPU.ActiveCfg = Release|Any CPU
		{544D6127-490A-4267-BCC2-7680FFC1EAFF}.Release|Any CPU.Build.0 = Release|Any CPU
		{7E7159C0-693E-46E7-A132-090743602AF5}.Debug|Any CPU.ActiveCfg = Debug|Any CPU
		{7E7159C0-693E-46E7-A132-090743602AF5}.Debug|Any CPU.Build.0 = Debug|Any CPU
		{7E7159C0-693E-46E7-A132-090743602AF5}.Release|Any CPU.ActiveCfg = Release|Any CPU
		{7E7159C0-693E-46E7-A132-090743602AF5}.Release|Any CPU.Build.0 = Release|Any CPU
		{B3E29EAC-1553-4381-B857-98C57AB2505C}.Debug|Any CPU.ActiveCfg = Debug|Any CPU
		{B3E29EAC-1553-4381-B857-98C57AB2505C}.Debug|Any CPU.Build.0 = Debug|Any CPU
		{B3E29EAC-1553-4381-B857-98C57AB2505C}.Release|Any CPU.ActiveCfg = Release|Any CPU
		{B3E29EAC-1553-4381-B857-98C57AB2505C}.Release|Any CPU.Build.0 = Release|Any CPU
		{6C47433B-1014-4CB6-8815-94BD0A06FD8F}.Debug|Any CPU.ActiveCfg = Debug|Any CPU
		{6C47433B-1014-4CB6-8815-94BD0A06FD8F}.Debug|Any CPU.Build.0 = Debug|Any CPU
		{6C47433B-1014-4CB6-8815-94BD0A06FD8F}.Release|Any CPU.ActiveCfg = Release|Any CPU
		{6C47433B-1014-4CB6-8815-94BD0A06FD8F}.Release|Any CPU.Build.0 = Release|Any CPU
		{758EE800-CC90-42B8-9B53-0F823A65FC44}.Debug|Any CPU.ActiveCfg = Debug|Any CPU
		{758EE800-CC90-42B8-9B53-0F823A65FC44}.Debug|Any CPU.Build.0 = Debug|Any CPU
		{758EE800-CC90-42B8-9B53-0F823A65FC44}.Release|Any CPU.ActiveCfg = Release|Any CPU
		{758EE800-CC90-42B8-9B53-0F823A65FC44}.Release|Any CPU.Build.0 = Release|Any CPU
		{329E02BF-D60E-44B1-8EBF-7D7963ED9F29}.Debug|Any CPU.ActiveCfg = Debug|Any CPU
		{329E02BF-D60E-44B1-8EBF-7D7963ED9F29}.Debug|Any CPU.Build.0 = Debug|Any CPU
		{329E02BF-D60E-44B1-8EBF-7D7963ED9F29}.Release|Any CPU.ActiveCfg = Release|Any CPU
		{329E02BF-D60E-44B1-8EBF-7D7963ED9F29}.Release|Any CPU.Build.0 = Release|Any CPU
		{4F9DF7D4-686F-4CA6-BEC4-328B145F65BA}.Debug|Any CPU.ActiveCfg = Debug|Any CPU
		{4F9DF7D4-686F-4CA6-BEC4-328B145F65BA}.Debug|Any CPU.Build.0 = Debug|Any CPU
		{4F9DF7D4-686F-4CA6-BEC4-328B145F65BA}.Release|Any CPU.ActiveCfg = Release|Any CPU
		{4F9DF7D4-686F-4CA6-BEC4-328B145F65BA}.Release|Any CPU.Build.0 = Release|Any CPU
		{940A099E-8E20-4A78-87EB-3E5293673021}.Debug|Any CPU.ActiveCfg = Debug|Any CPU
		{940A099E-8E20-4A78-87EB-3E5293673021}.Debug|Any CPU.Build.0 = Debug|Any CPU
		{940A099E-8E20-4A78-87EB-3E5293673021}.Release|Any CPU.ActiveCfg = Release|Any CPU
		{940A099E-8E20-4A78-87EB-3E5293673021}.Release|Any CPU.Build.0 = Release|Any CPU
		{96C6699D-ACEC-44CA-9693-DF0019906D0A}.Debug|Any CPU.ActiveCfg = Debug|Any CPU
		{96C6699D-ACEC-44CA-9693-DF0019906D0A}.Debug|Any CPU.Build.0 = Debug|Any CPU
		{96C6699D-ACEC-44CA-9693-DF0019906D0A}.Release|Any CPU.ActiveCfg = Release|Any CPU
		{96C6699D-ACEC-44CA-9693-DF0019906D0A}.Release|Any CPU.Build.0 = Release|Any CPU
		{CB2C8C1F-6079-45A3-9624-F04AF6B46425}.Debug|Any CPU.ActiveCfg = Debug|Any CPU
		{CB2C8C1F-6079-45A3-9624-F04AF6B46425}.Debug|Any CPU.Build.0 = Debug|Any CPU
		{CB2C8C1F-6079-45A3-9624-F04AF6B46425}.Release|Any CPU.ActiveCfg = Release|Any CPU
		{CB2C8C1F-6079-45A3-9624-F04AF6B46425}.Release|Any CPU.Build.0 = Release|Any CPU
		{6765462A-B641-4141-824B-27D058A6640A}.Debug|Any CPU.ActiveCfg = Debug|Any CPU
		{6765462A-B641-4141-824B-27D058A6640A}.Debug|Any CPU.Build.0 = Debug|Any CPU
		{6765462A-B641-4141-824B-27D058A6640A}.Release|Any CPU.ActiveCfg = Release|Any CPU
		{6765462A-B641-4141-824B-27D058A6640A}.Release|Any CPU.Build.0 = Release|Any CPU
		{D781A234-9356-4348-8814-FB8495F3D519}.Debug|Any CPU.ActiveCfg = Debug|Any CPU
		{D781A234-9356-4348-8814-FB8495F3D519}.Debug|Any CPU.Build.0 = Debug|Any CPU
		{D781A234-9356-4348-8814-FB8495F3D519}.Release|Any CPU.ActiveCfg = Release|Any CPU
		{D781A234-9356-4348-8814-FB8495F3D519}.Release|Any CPU.Build.0 = Release|Any CPU
		{6F2F86B8-908A-449F-9D17-ECA552B39858}.Debug|Any CPU.ActiveCfg = Debug|Any CPU
		{6F2F86B8-908A-449F-9D17-ECA552B39858}.Debug|Any CPU.Build.0 = Debug|Any CPU
		{6F2F86B8-908A-449F-9D17-ECA552B39858}.Release|Any CPU.ActiveCfg = Release|Any CPU
		{6F2F86B8-908A-449F-9D17-ECA552B39858}.Release|Any CPU.Build.0 = Release|Any CPU
		{90CCD8A2-6E2C-4F48-AB94-A0B4259B2FCE}.Debug|Any CPU.ActiveCfg = Debug|Any CPU
		{90CCD8A2-6E2C-4F48-AB94-A0B4259B2FCE}.Debug|Any CPU.Build.0 = Debug|Any CPU
		{90CCD8A2-6E2C-4F48-AB94-A0B4259B2FCE}.Release|Any CPU.ActiveCfg = Release|Any CPU
		{90CCD8A2-6E2C-4F48-AB94-A0B4259B2FCE}.Release|Any CPU.Build.0 = Release|Any CPU
	EndGlobalSection
	GlobalSection(SolutionProperties) = preSolution
		HideSolutionNode = FALSE
	EndGlobalSection
	GlobalSection(NestedProjects) = preSolution
		{6F2F86B8-908A-449F-9D17-ECA552B39858} = {D37F7164-E1B4-4151-A952-0CE4568F8510}
		{90CCD8A2-6E2C-4F48-AB94-A0B4259B2FCE} = {D37F7164-E1B4-4151-A952-0CE4568F8510}
	EndGlobalSection
	GlobalSection(ExtensibilityGlobals) = postSolution
		SolutionGuid = {896D18B8-E1E7-41EE-902B-E22484F95921}
	EndGlobalSection
EndGlobal
